
Microsoft Visual Studio Solution File, Format Version 12.00
# Visual Studio Version 17
VisualStudioVersion = 17.5.002.0
MinimumVisualStudioVersion = 10.0.40219.1
Project("{9A19103F-16F7-4668-BE54-9A1E7A4F7556}") = "minimal-api", "minimal-api.csproj", "{D6297868-42FD-4AF9-8D03-90729BB272C9}"
EndProject
Global
	GlobalSection(SolutionConfigurationPlatforms) = preSolution
		Debug|Any CPU = Debug|Any CPU
		Release|Any CPU = Release|Any CPU
	EndGlobalSection
	GlobalSection(ProjectConfigurationPlatforms) = postSolution
		{D6297868-42FD-4AF9-8D03-90729BB272C9}.Debug|Any CPU.ActiveCfg = Debug|Any CPU
		{D6297868-42FD-4AF9-8D03-90729BB272C9}.Debug|Any CPU.Build.0 = Debug|Any CPU
		{D6297868-42FD-4AF9-8D03-90729BB272C9}.Release|Any CPU.ActiveCfg = Release|Any CPU
		{D6297868-42FD-4AF9-8D03-90729BB272C9}.Release|Any CPU.Build.0 = Release|Any CPU
	EndGlobalSection
	GlobalSection(SolutionProperties) = preSolution
		HideSolutionNode = FALSE
	EndGlobalSection
	GlobalSection(ExtensibilityGlobals) = postSolution
		SolutionGuid = {BEE32D42-0AFC-4099-BEF1-6E8F21841F3E}
	EndGlobalSection
EndGlobal
